{
  "name": "analysis",
  "lockfileVersion": 2,
  "requires": true,
  "packages": {
    "": {
      "dependencies": {
        "serverless-latest-layer-version": "^2.1.2"
      }
    },
    "node_modules/serverless-latest-layer-version": {
      "version": "2.1.2",
      "resolved": "https://registry.npmjs.org/serverless-latest-layer-version/-/serverless-latest-layer-version-2.1.2.tgz",
      "integrity": "sha512-/Rttr9a5KYornkaPqd35j9JXNevP1Li3lnTjLIg+D0/FwSanJJJJ4I+GaTNOG8qkG9ZaSTecN4GSzrYXsGNBKA==",
      "dependencies": {
        "traverse": "^0.6.6"
      }
    },
    "node_modules/traverse": {
      "version": "0.6.7",
      "resolved": "https://registry.npmjs.org/traverse/-/traverse-0.6.7.tgz",
      "integrity": "sha512-/y956gpUo9ZNCb99YjxG7OaslxZWHfCHAUUfshwqOXmxUIvqLjVO581BT+gM59+QV9tFe6/CGG53tsA1Y7RSdg==",
      "funding": {
        "url": "https://github.com/sponsors/ljharb"
      }
    }
  },
  "dependencies": {
    "serverless-latest-layer-version": {
      "version": "2.1.2",
      "resolved": "https://registry.npmjs.org/serverless-latest-layer-version/-/serverless-latest-layer-version-2.1.2.tgz",
      "integrity": "sha512-/Rttr9a5KYornkaPqd35j9JXNevP1Li3lnTjLIg+D0/FwSanJJJJ4I+GaTNOG8qkG9ZaSTecN4GSzrYXsGNBKA==",
      "requires": {
        "traverse": "^0.6.6"
      }
    },
    "traverse": {
      "version": "0.6.7",
      "resolved": "https://registry.npmjs.org/traverse/-/traverse-0.6.7.tgz",
      "integrity": "sha512-/y956gpUo9ZNCb99YjxG7OaslxZWHfCHAUUfshwqOXmxUIvqLjVO581BT+gM59+QV9tFe6/CGG53tsA1Y7RSdg=="
    }
  }
}
